
Microsoft Visual Studio Solution File, Format Version 12.00
# Visual Studio Version 17
VisualStudioVersion = 17.0.31903.59
MinimumVisualStudioVersion = 10.0.40219.1
Project("{2150E333-8FDC-42A3-9474-1A3956D46DE8}") = "src", "src", "{D825552E-D24E-498B-AF5B-8F0385B93DC2}"
EndProject
Project("{FAE04EC0-301F-11D3-BF4B-00C04F79EFBC}") = "SimpleSolution.SetupService", "src\SimpleSolution.SetupService\SimpleSolution.SetupService.csproj", "{6EE50C5C-53AD-4C86-A89D-A154389A3FB0}"
EndProject
Global
	GlobalSection(SolutionConfigurationPlatforms) = preSolution
		Debug|Any CPU = Debug|Any CPU
		Release|Any CPU = Release|Any CPU
	EndGlobalSection
	GlobalSection(SolutionProperties) = preSolution
		HideSolutionNode = FALSE
	EndGlobalSection
	GlobalSection(ProjectConfigurationPlatforms) = postSolution
		{6EE50C5C-53AD-4C86-A89D-A154389A3FB0}.Debug|Any CPU.ActiveCfg = Debug|Any CPU
		{6EE50C5C-53AD-4C86-A89D-A154389A3FB0}.Debug|Any CPU.Build.0 = Debug|Any CPU
		{6EE50C5C-53AD-4C86-A89D-A154389A3FB0}.Release|Any CPU.ActiveCfg = Release|Any CPU
		{6EE50C5C-53AD-4C86-A89D-A154389A3FB0}.Release|Any CPU.Build.0 = Release|Any CPU
	EndGlobalSection
	GlobalSection(NestedProjects) = preSolution
		{6EE50C5C-53AD-4C86-A89D-A154389A3FB0} = {D825552E-D24E-498B-AF5B-8F0385B93DC2}
	EndGlobalSection
EndGlobal
